
Microsoft Visual Studio Solution File, Format Version 12.00
# Visual Studio Version 17
VisualStudioVersion = 17.0.32112.339
MinimumVisualStudioVersion = 10.0.40219.1
Project("{9A19103F-16F7-4668-BE54-9A1E7A4F7556}") = "BlazorLibrary.Server", "BlazorLibrary\Server\BlazorLibrary.Server.csproj", "{7034E613-0C1D-41A9-B94D-F5E75689BBC4}"
	ProjectSection(ProjectDependencies) = postProject
		{042A6AAD-5267-4B7E-8443-E5EBEF527C54} = {042A6AAD-5267-4B7E-8443-E5EBEF527C54}
	EndProjectSection
EndProject
Project("{9A19103F-16F7-4668-BE54-9A1E7A4F7556}") = "BlazorLibrary.Client", "BlazorLibrary\Client\BlazorLibrary.Client.csproj", "{BF4B2D3B-7B8C-48E1-A19E-F579432799F8}"
EndProject
Project("{9A19103F-16F7-4668-BE54-9A1E7A4F7556}") = "BlazorLibrary.Shared", "BlazorLibrary\Shared\BlazorLibrary.Shared.csproj", "{24771156-E06F-4A41-812E-9B18F4EE7054}"
	ProjectSection(ProjectDependencies) = postProject
		{319F37E7-04A8-4C4A-ADD2-505A7DE31988} = {319F37E7-04A8-4C4A-ADD2-505A7DE31988}
	EndProjectSection
EndProject
Project("{9A19103F-16F7-4668-BE54-9A1E7A4F7556}") = "BlazorLibrary.Application", "BlazorLibrary.Application\BlazorLibrary.Application.csproj", "{47600C7C-5486-437C-A06E-108126244AE6}"
EndProject
Project("{9A19103F-16F7-4668-BE54-9A1E7A4F7556}") = "BlazorLibrary.Domain", "BlazorLibrary.Domain\BlazorLibrary.Domain.csproj", "{319F37E7-04A8-4C4A-ADD2-505A7DE31988}"
EndProject
Project("{9A19103F-16F7-4668-BE54-9A1E7A4F7556}") = "BlazorLibrary.Infrastructure", "BlazorLibrary.Infrastructure\BlazorLibrary.Infrastructure.csproj", "{821606E1-E604-44F5-B483-362D4EFFFC3A}"
EndProject
Project("{9A19103F-16F7-4668-BE54-9A1E7A4F7556}") = "BlazorLibrary.Persistance", "BlazorLibrary.Persistance\BlazorLibrary.Persistance.csproj", "{042A6AAD-5267-4B7E-8443-E5EBEF527C54}"
EndProject
Global
	GlobalSection(SolutionConfigurationPlatforms) = preSolution
		Debug|Any CPU = Debug|Any CPU
		Release|Any CPU = Release|Any CPU
	EndGlobalSection
	GlobalSection(ProjectConfigurationPlatforms) = postSolution
		{7034E613-0C1D-41A9-B94D-F5E75689BBC4}.Debug|Any CPU.ActiveCfg = Debug|Any CPU
		{7034E613-0C1D-41A9-B94D-F5E75689BBC4}.Debug|Any CPU.Build.0 = Debug|Any CPU
		{7034E613-0C1D-41A9-B94D-F5E75689BBC4}.Release|Any CPU.ActiveCfg = Release|Any CPU
		{7034E613-0C1D-41A9-B94D-F5E75689BBC4}.Release|Any CPU.Build.0 = Release|Any CPU
		{BF4B2D3B-7B8C-48E1-A19E-F579432799F8}.Debug|Any CPU.ActiveCfg = Debug|Any CPU
		{BF4B2D3B-7B8C-48E1-A19E-F579432799F8}.Debug|Any CPU.Build.0 = Debug|Any CPU
		{BF4B2D3B-7B8C-48E1-A19E-F579432799F8}.Release|Any CPU.ActiveCfg = Release|Any CPU
		{BF4B2D3B-7B8C-48E1-A19E-F579432799F8}.Release|Any CPU.Build.0 = Release|Any CPU
		{24771156-E06F-4A41-812E-9B18F4EE7054}.Debug|Any CPU.ActiveCfg = Debug|Any CPU
		{24771156-E06F-4A41-812E-9B18F4EE7054}.Debug|Any CPU.Build.0 = Debug|Any CPU
		{24771156-E06F-4A41-812E-9B18F4EE7054}.Release|Any CPU.ActiveCfg = Release|Any CPU
		{24771156-E06F-4A41-812E-9B18F4EE7054}.Release|Any CPU.Build.0 = Release|Any CPU
		{47600C7C-5486-437C-A06E-108126244AE6}.Debug|Any CPU.ActiveCfg = Debug|Any CPU
		{47600C7C-5486-437C-A06E-108126244AE6}.Debug|Any CPU.Build.0 = Debug|Any CPU
		{47600C7C-5486-437C-A06E-108126244AE6}.Release|Any CPU.ActiveCfg = Release|Any CPU
		{47600C7C-5486-437C-A06E-108126244AE6}.Release|Any CPU.Build.0 = Release|Any CPU
		{319F37E7-04A8-4C4A-ADD2-505A7DE31988}.Debug|Any CPU.ActiveCfg = Debug|Any CPU
		{319F37E7-04A8-4C4A-ADD2-505A7DE31988}.Debug|Any CPU.Build.0 = Debug|Any CPU
		{319F37E7-04A8-4C4A-ADD2-505A7DE31988}.Release|Any CPU.ActiveCfg = Release|Any CPU
		{319F37E7-04A8-4C4A-ADD2-505A7DE31988}.Release|Any CPU.Build.0 = Release|Any CPU
		{821606E1-E604-44F5-B483-362D4EFFFC3A}.Debug|Any CPU.ActiveCfg = Debug|Any CPU
		{821606E1-E604-44F5-B483-362D4EFFFC3A}.Debug|Any CPU.Build.0 = Debug|Any CPU
		{821606E1-E604-44F5-B483-362D4EFFFC3A}.Release|Any CPU.ActiveCfg = Release|Any CPU
		{821606E1-E604-44F5-B483-362D4EFFFC3A}.Release|Any CPU.Build.0 = Release|Any CPU
		{042A6AAD-5267-4B7E-8443-E5EBEF527C54}.Debug|Any CPU.ActiveCfg = Debug|Any CPU
		{042A6AAD-5267-4B7E-8443-E5EBEF527C54}.Debug|Any CPU.Build.0 = Debug|Any CPU
		{042A6AAD-5267-4B7E-8443-E5EBEF527C54}.Release|Any CPU.ActiveCfg = Release|Any CPU
		{042A6AAD-5267-4B7E-8443-E5EBEF527C54}.Release|Any CPU.Build.0 = Release|Any CPU
	EndGlobalSection
	GlobalSection(SolutionProperties) = preSolution
		HideSolutionNode = FALSE
	EndGlobalSection
	GlobalSection(ExtensibilityGlobals) = postSolution
		SolutionGuid = {ECBE38FA-256C-4101-882E-30A0BC191FF1}
	EndGlobalSection
EndGlobal
